// !$*UTF8*$!
{
	archiveVersion = 1;
	classes = {
	};
	objectVersion = 46;
	objects = {

/* Begin PBXAggregateTarget section */
		109A48A0C3C533719CF56F11 /* ALL_BUILD */ = {
			isa = PBXAggregateTarget;
			buildConfigurationList = 92B2F49151004E8190CA853C /* Build configuration list for PBXAggregateTarget "ALL_BUILD" */;
			buildPhases = (
				E9003F91FFEAE786532F6FE2 /* Generate CMakeFiles/ALL_BUILD */,
			);
			dependencies = (
				39E556B81C96485F95C65D65 /* PBXTargetDependency */,
				29639967F4974D44A6FDD46B /* PBXTargetDependency */,
				19DCB9E335AC4466828BA74F /* PBXTargetDependency */,
			);
			name = ALL_BUILD;
			productName = ALL_BUILD;
		};
		B8D5AB13646FE90706C30490 /* install */ = {
			isa = PBXAggregateTarget;
			buildConfigurationList = 48288699DD05449791F6BE3E /* Build configuration list for PBXAggregateTarget "install" */;
			buildPhases = (
				93426DA6A4AC2C2AC9CE883C /* CMake PostBuild Rules */,
			);
			dependencies = (
				4C36CFB9A3C54902A5B18241 /* PBXTargetDependency */,
			);
			name = install;
			productName = install;
		};
		E74CD175BD931080AAB63287 /* ZERO_CHECK */ = {
			isa = PBXAggregateTarget;
			buildConfigurationList = 0CAF250D080F48948A428846 /* Build configuration list for PBXAggregateTarget "ZERO_CHECK" */;
			buildPhases = (
				7C680CC35462356C033B99FC /* Generate CMakeFiles/ZERO_CHECK */,
			);
			dependencies = (
			);
			name = ZERO_CHECK;
			productName = ZERO_CHECK;
		};
/* End PBXAggregateTarget section */

/* Begin PBXBuildFile section */
		1C8A1C2BE55242F69A390471 /* /Users/zhuyu/workspace/eduself/obs/obs-plugintemplate/build_macos/plugin-support.c */ = {isa = PBXBuildFile; fileRef = F419330244BA498DAE99A19C /* /Users/zhuyu/workspace/eduself/obs/obs-plugintemplate/build_macos/plugin-support.c */; };
		42304CE1FCD04183926C3BE2 /* /Users/zhuyu/workspace/eduself/obs/obs-plugintemplate/.deps/lib/obs-frontend-api.dylib */ = {isa = PBXBuildFile; fileRef = EE1E7518C5D44DD999E4330E /* /Users/zhuyu/workspace/eduself/obs/obs-plugintemplate/.deps/lib/obs-frontend-api.dylib */; };
		4B68D26A4D81447FAC9050D6 = {isa = PBXBuildFile; fileRef = CDA6AFFC17D44462825AA435 /* plugin-support */; };
		52619860C8BE46418DEA5C02 /* /Users/zhuyu/workspace/eduself/obs/obs-plugintemplate/CMakeLists.txt */ = {isa = PBXBuildFile; fileRef = 0E1CB08A94524DFEA81B4CA8 /* /Users/zhuyu/workspace/eduself/obs/obs-plugintemplate/CMakeLists.txt */; };
		7649145A4C534E08BA42AB58 /* /Users/zhuyu/workspace/eduself/obs/obs-plugintemplate/src/plugin-support.h */ = {isa = PBXBuildFile; fileRef = 461C68D4A70E4E5B9649FC2D /* /Users/zhuyu/workspace/eduself/obs/obs-plugintemplate/src/plugin-support.h */; };
		79499DCFA75D467BB679C939 /* /Users/zhuyu/workspace/eduself/obs/obs-plugintemplate/data/locale/en-US.ini */ = {isa = PBXBuildFile; fileRef = 7541CC6C61C244B291EA9E2A /* /Users/zhuyu/workspace/eduself/obs/obs-plugintemplate/data/locale/en-US.ini */; };
		8B47CA67ECE3401F804A524B /* /Users/zhuyu/workspace/eduself/obs/obs-plugintemplate/.deps/Frameworks/libobs.framework */ = {isa = PBXBuildFile; fileRef = 9ED98E9DB2BE4B7FBFE4942D /* /Users/zhuyu/workspace/eduself/obs/obs-plugintemplate/.deps/Frameworks/libobs.framework */; };
		96E7C3BB3DE641FEAB6F7097 /* /Users/zhuyu/workspace/eduself/obs/obs-plugintemplate/src/plugin-support.h */ = {isa = PBXBuildFile; fileRef = 66377BD565414EEBAD5802F9 /* /Users/zhuyu/workspace/eduself/obs/obs-plugintemplate/src/plugin-support.h */; };
		B6EB52FFE30148FFB64F68D7 /* /Users/zhuyu/workspace/eduself/obs/obs-plugintemplate/src/plugin-main.c */ = {isa = PBXBuildFile; fileRef = 3672FDAF80964BE6BBF6B9E0 /* /Users/zhuyu/workspace/eduself/obs/obs-plugintemplate/src/plugin-main.c */; };
		C52C537856EB44208C70418F /* /Users/zhuyu/workspace/eduself/obs/obs-plugintemplate/CMakeLists.txt */ = {isa = PBXBuildFile; fileRef = CDCB5C4A2A5A4A08BDC16AF4 /* /Users/zhuyu/workspace/eduself/obs/obs-plugintemplate/CMakeLists.txt */; };
/* End PBXBuildFile section */

/* Begin PBXBuildStyle section */
		222B4DF11BC44F95B443879B /* RelWithDebInfo */ = {
			isa = PBXBuildStyle;
			buildSettings = {
				COPY_PHASE_STRIP = NO;
			};
			name = RelWithDebInfo;
		};
		3FE52E5B9B8A4804A88246D8 /* MinSizeRel */ = {
			isa = PBXBuildStyle;
			buildSettings = {
				COPY_PHASE_STRIP = NO;
			};
			name = MinSizeRel;
		};
		E4E5BA1FE43545BB81E4EFB2 /* Debug */ = {
			isa = PBXBuildStyle;
			buildSettings = {
				COPY_PHASE_STRIP = NO;
			};
			name = Debug;
		};
		F2699606939C4617AFEFFB7C /* Release */ = {
			isa = PBXBuildStyle;
			buildSettings = {
				COPY_PHASE_STRIP = NO;
			};
			name = Release;
		};
/* End PBXBuildStyle section */

/* Begin PBXContainerItemProxy section */
		66D8FCC31BD64CCF830F6A1C /* PBXContainerItemProxy */ = {
			isa = PBXContainerItemProxy;
			containerPortal = 271E53D4A0234069A13D18A7 /* Project object */;
			proxyType = 1;
			remoteGlobalIDString = 109A48A0C3C533719CF56F11;
			remoteInfo = ALL_BUILD;
		};
		73F5FBCC3C754A279D86076C /* PBXContainerItemProxy */ = {
			isa = PBXContainerItemProxy;
			containerPortal = 271E53D4A0234069A13D18A7 /* Project object */;
			proxyType = 1;
			remoteGlobalIDString = 798DCDF09F9ECA2F0856AC44;
			remoteInfo = "plugin-support";
		};
		7873DEBAA51345C5B0697C88 /* PBXContainerItemProxy */ = {
			isa = PBXContainerItemProxy;
			containerPortal = 271E53D4A0234069A13D18A7 /* Project object */;
			proxyType = 1;
			remoteGlobalIDString = 798DCDF09F9ECA2F0856AC44;
			remoteInfo = "plugin-support";
		};
		A487D266E68B4728BE154358 /* PBXContainerItemProxy */ = {
			isa = PBXContainerItemProxy;
			containerPortal = 271E53D4A0234069A13D18A7 /* Project object */;
			proxyType = 1;
			remoteGlobalIDString = E74CD175BD931080AAB63287;
			remoteInfo = ZERO_CHECK;
		};
		AE6041B85C7F425E81FEE05E /* PBXContainerItemProxy */ = {
			isa = PBXContainerItemProxy;
			containerPortal = 271E53D4A0234069A13D18A7 /* Project object */;
			proxyType = 1;
			remoteGlobalIDString = E74CD175BD931080AAB63287;
			remoteInfo = ZERO_CHECK;
		};
		BAF74E1B59064833949A1238 /* PBXContainerItemProxy */ = {
			isa = PBXContainerItemProxy;
			containerPortal = 271E53D4A0234069A13D18A7 /* Project object */;
			proxyType = 1;
			remoteGlobalIDString = E74CD175BD931080AAB63287;
			remoteInfo = ZERO_CHECK;
		};
		DF0C40C0DB7044B597617375 /* PBXContainerItemProxy */ = {
			isa = PBXContainerItemProxy;
			containerPortal = 271E53D4A0234069A13D18A7 /* Project object */;
			proxyType = 1;
			remoteGlobalIDString = C46B5E534C926E50BCF8AE16;
			remoteInfo = "obs-plugintemplate";
		};
/* End PBXContainerItemProxy section */

/* Begin PBXFileReference section */
		006E47EFD81A4C73810641D0 /* /Users/zhuyu/workspace/eduself/obs/obs-plugintemplate/CMakeLists.txt */ = {isa = PBXFileReference; explicitFileType = sourcecode.text; fileEncoding = 4; name = CMakeLists.txt; path = CMakeLists.txt; sourceTree = SOURCE_ROOT; };
		0E1CB08A94524DFEA81B4CA8 /* /Users/zhuyu/workspace/eduself/obs/obs-plugintemplate/CMakeLists.txt */ = {isa = PBXFileReference; explicitFileType = sourcecode.text; fileEncoding = 4; name = CMakeLists.txt; path = CMakeLists.txt; sourceTree = SOURCE_ROOT; };
		3672FDAF80964BE6BBF6B9E0 /* /Users/zhuyu/workspace/eduself/obs/obs-plugintemplate/src/plugin-main.c */ = {isa = PBXFileReference; explicitFileType = sourcecode.c.c; fileEncoding = 4; name = "plugin-main.c"; path = "src/plugin-main.c"; sourceTree = SOURCE_ROOT; };
		461C68D4A70E4E5B9649FC2D /* /Users/zhuyu/workspace/eduself/obs/obs-plugintemplate/src/plugin-support.h */ = {isa = PBXFileReference; explicitFileType = sourcecode.c.h; fileEncoding = 4; name = "plugin-support.h"; path = "src/plugin-support.h"; sourceTree = SOURCE_ROOT; };
		66377BD565414EEBAD5802F9 /* /Users/zhuyu/workspace/eduself/obs/obs-plugintemplate/src/plugin-support.h */ = {isa = PBXFileReference; explicitFileType = sourcecode.c.h; fileEncoding = 4; name = "plugin-support.h"; path = "src/plugin-support.h"; sourceTree = SOURCE_ROOT; };
		7541CC6C61C244B291EA9E2A /* /Users/zhuyu/workspace/eduself/obs/obs-plugintemplate/data/locale/en-US.ini */ = {isa = PBXFileReference; explicitFileType = default; fileEncoding = 4; name = "en-US.ini"; path = "data/locale/en-US.ini"; sourceTree = SOURCE_ROOT; };
		84C25EDC729D4E40BE2010F5 /* obs-plugintemplate */ = {isa = PBXFileReference; explicitFileType = "wrapper.plug-in"; path = "obs-plugintemplate.plugin/Contents/MacOS/obs-plugintemplate"; sourceTree = BUILT_PRODUCTS_DIR; };
		9ED98E9DB2BE4B7FBFE4942D /* /Users/zhuyu/workspace/eduself/obs/obs-plugintemplate/.deps/Frameworks/libobs.framework */ = {isa = PBXFileReference; fileEncoding = 4; lastKnownFileType = wrapper.framework; name = libobs.framework; path = "/Users/zhuyu/workspace/eduself/obs/obs-plugintemplate/.deps/Frameworks/libobs.framework"; sourceTree = "<absolute>"; };
		CDA6AFFC17D44462825AA435 /* plugin-support */ = {isa = PBXFileReference; explicitFileType = archive.ar; path = "libplugin-support.a"; sourceTree = BUILT_PRODUCTS_DIR; };
		CDCB5C4A2A5A4A08BDC16AF4 /* /Users/zhuyu/workspace/eduself/obs/obs-plugintemplate/CMakeLists.txt */ = {isa = PBXFileReference; explicitFileType = sourcecode.text; fileEncoding = 4; name = CMakeLists.txt; path = CMakeLists.txt; sourceTree = SOURCE_ROOT; };
		EE1E7518C5D44DD999E4330E /* /Users/zhuyu/workspace/eduself/obs/obs-plugintemplate/.deps/lib/obs-frontend-api.dylib */ = {isa = PBXFileReference; fileEncoding = 4; lastKnownFileType = "compiled.mach-o.dylib"; name = "obs-frontend-api.dylib"; path = "/Users/zhuyu/workspace/eduself/obs/obs-plugintemplate/.deps/lib/obs-frontend-api.dylib"; sourceTree = "<absolute>"; };
		F419330244BA498DAE99A19C /* /Users/zhuyu/workspace/eduself/obs/obs-plugintemplate/build_macos/plugin-support.c */ = {isa = PBXFileReference; explicitFileType = sourcecode.c.c; fileEncoding = 4; name = "plugin-support.c"; path = "build_macos/plugin-support.c"; sourceTree = SOURCE_ROOT; };
/* End PBXFileReference section */

/* Begin PBXFrameworksBuildPhase section */
		406AEDA450204BBF8CF99998 /* Frameworks */ = {
			isa = PBXFrameworksBuildPhase;
			buildActionMask = 2147483647;
			files = (
				8B47CA67ECE3401F804A524B /* /Users/zhuyu/workspace/eduself/obs/obs-plugintemplate/.deps/Frameworks/libobs.framework */,
				42304CE1FCD04183926C3BE2 /* /Users/zhuyu/workspace/eduself/obs/obs-plugintemplate/.deps/lib/obs-frontend-api.dylib */,
				4B68D26A4D81447FAC9050D6,
			);
			runOnlyForDeploymentPostprocessing = 0;
		};
		D917F3D956444364A4C57699 /* Frameworks */ = {
			isa = PBXFrameworksBuildPhase;
			buildActionMask = 2147483647;
			files = (
			);
			runOnlyForDeploymentPostprocessing = 0;
		};
/* End PBXFrameworksBuildPhase section */

/* Begin PBXGroup section */
		3EAB1EA65A0C44929599E91A /* plugin-support */ = {
			isa = PBXGroup;
			children = (
				A90E84E25AC9463B881B39B9 /* Source Files */,
				86DE9110C04F4DE6A1AC2FFD /* Header Files */,
				CDCB5C4A2A5A4A08BDC16AF4 /* /Users/zhuyu/workspace/eduself/obs/obs-plugintemplate/CMakeLists.txt */,
			);
			name = "plugin-support";
			sourceTree = "<group>";
		};
		4042CD5A20F94873BFB6E3BC /* CMake Rules */ = {
			isa = PBXGroup;
			children = (
			);
			name = "CMake Rules";
			sourceTree = "<group>";
		};
		4B997B4250B846F68C70D9B2 /* locale */ = {
			isa = PBXGroup;
			children = (
				7541CC6C61C244B291EA9E2A /* /Users/zhuyu/workspace/eduself/obs/obs-plugintemplate/data/locale/en-US.ini */,
			);
			name = locale;
			sourceTree = "<group>";
		};
		54639A180152499DB519364C /* obs-plugintemplate */ = {
			isa = PBXGroup;
			children = (
				B59A93F5A96A4E5B81F21671 /* Source Files */,
				FF827C6227714424BCC80CCC /* Resources */,
				644017BC23C249A4AC8C7AF1 /* Header Files */,
				0E1CB08A94524DFEA81B4CA8 /* /Users/zhuyu/workspace/eduself/obs/obs-plugintemplate/CMakeLists.txt */,
			);
			name = "obs-plugintemplate";
			sourceTree = "<group>";
		};
		644017BC23C249A4AC8C7AF1 /* Header Files */ = {
			isa = PBXGroup;
			children = (
				66377BD565414EEBAD5802F9 /* /Users/zhuyu/workspace/eduself/obs/obs-plugintemplate/src/plugin-support.h */,
			);
			name = "Header Files";
			sourceTree = "<group>";
		};
		6F08D1D055A44A3A983BE31D = {
			isa = PBXGroup;
			children = (
				3EAB1EA65A0C44929599E91A /* plugin-support */,
				54639A180152499DB519364C /* obs-plugintemplate */,
				FA6379477C234D46A56DFD08 /* ALL_BUILD */,
				BE8669C11F72455C9355EEAC /* Products */,
				BDE7E4ABC4994E5AB5863EC3 /* Frameworks */,
				74BB607222904C4BB928DFA3 /* Resources */,
			);
			sourceTree = "<group>";
		};
		74BB607222904C4BB928DFA3 /* Resources */ = {
			isa = PBXGroup;
			children = (
			);
			name = Resources;
			sourceTree = "<group>";
		};
		86DE9110C04F4DE6A1AC2FFD /* Header Files */ = {
			isa = PBXGroup;
			children = (
				461C68D4A70E4E5B9649FC2D /* /Users/zhuyu/workspace/eduself/obs/obs-plugintemplate/src/plugin-support.h */,
			);
			name = "Header Files";
			sourceTree = "<group>";
		};
		A90E84E25AC9463B881B39B9 /* Source Files */ = {
			isa = PBXGroup;
			children = (
				F419330244BA498DAE99A19C /* /Users/zhuyu/workspace/eduself/obs/obs-plugintemplate/build_macos/plugin-support.c */,
			);
			name = "Source Files";
			sourceTree = "<group>";
		};
		B59A93F5A96A4E5B81F21671 /* Source Files */ = {
			isa = PBXGroup;
			children = (
				3672FDAF80964BE6BBF6B9E0 /* /Users/zhuyu/workspace/eduself/obs/obs-plugintemplate/src/plugin-main.c */,
			);
			name = "Source Files";
			sourceTree = "<group>";
		};
		BDE7E4ABC4994E5AB5863EC3 /* Frameworks */ = {
			isa = PBXGroup;
			children = (
				9ED98E9DB2BE4B7FBFE4942D /* /Users/zhuyu/workspace/eduself/obs/obs-plugintemplate/.deps/Frameworks/libobs.framework */,
				EE1E7518C5D44DD999E4330E /* /Users/zhuyu/workspace/eduself/obs/obs-plugintemplate/.deps/lib/obs-frontend-api.dylib */,
			);
			name = Frameworks;
			sourceTree = "<group>";
		};
		BE8669C11F72455C9355EEAC /* Products */ = {
			isa = PBXGroup;
			children = (
				84C25EDC729D4E40BE2010F5 /* obs-plugintemplate */,
				CDA6AFFC17D44462825AA435 /* plugin-support */,
			);
			name = Products;
			sourceTree = "<group>";
		};
		FA6379477C234D46A56DFD08 /* ALL_BUILD */ = {
			isa = PBXGroup;
			children = (
				4042CD5A20F94873BFB6E3BC /* CMake Rules */,
				006E47EFD81A4C73810641D0 /* /Users/zhuyu/workspace/eduself/obs/obs-plugintemplate/CMakeLists.txt */,
			);
			name = ALL_BUILD;
			sourceTree = "<group>";
		};
		FF827C6227714424BCC80CCC /* Resources */ = {
			isa = PBXGroup;
			children = (
				4B997B4250B846F68C70D9B2 /* locale */,
			);
			name = Resources;
			sourceTree = "<group>";
		};
/* End PBXGroup section */

/* Begin PBXNativeTarget section */
		798DCDF09F9ECA2F0856AC44 /* plugin-support */ = {
			isa = PBXNativeTarget;
			buildConfigurationList = 751351BA3CB846CEA181233E /* Build configuration list for PBXNativeTarget "plugin-support" */;
			buildPhases = (
				C7F8AA1E5E9E419B91114AA6 /* Sources */,
				D917F3D956444364A4C57699 /* Frameworks */,
			);
			buildRules = (
			);
			dependencies = (
				326A18C54A414774BE2E564D /* PBXTargetDependency */,
			);
			name = "plugin-support";
			productName = "plugin-support";
			productReference = CDA6AFFC17D44462825AA435 /* plugin-support */;
			productType = "com.apple.product-type.library.static";
		};
		C46B5E534C926E50BCF8AE16 /* obs-plugintemplate */ = {
			isa = PBXNativeTarget;
			buildConfigurationList = C9FF84BF9F394215B73F2F29 /* Build configuration list for PBXNativeTarget "obs-plugintemplate" */;
			buildPhases = (
				FB26545CDAE541EEAFF13C60 /* Copy files */,
				B008F265D31D4D91B12E49B1 /* Sources */,
				406AEDA450204BBF8CF99998 /* Frameworks */,
			);
			buildRules = (
			);
			dependencies = (
				006FF5EFD9724A87A5060ED9 /* PBXTargetDependency */,
				BAE10295275645BFB2B3F4BC /* PBXTargetDependency */,
			);
			name = "obs-plugintemplate";
			productName = "obs-plugintemplate";
			productReference = 84C25EDC729D4E40BE2010F5 /* obs-plugintemplate */;
			productType = "com.apple.product-type.bundle";
		};
/* End PBXNativeTarget section */

/* Begin PBXProject section */
		271E53D4A0234069A13D18A7 /* Project object */ = {
			isa = PBXProject;
			attributes = {
				BuildIndependentTargetsInParallel = YES;
				LastUpgradeCheck = 1620;
			};
			buildConfigurationList = F37457C9A80D453084630AC5 /* Build configuration list for PBXProject "obs-plugintemplate" */;
			buildSettings = {
			};
			buildStyles = (
				E4E5BA1FE43545BB81E4EFB2 /* Debug */,
				F2699606939C4617AFEFFB7C /* Release */,
				3FE52E5B9B8A4804A88246D8 /* MinSizeRel */,
				222B4DF11BC44F95B443879B /* RelWithDebInfo */,
			);
			compatibilityVersion = "Xcode 3.2";
			hasScannedForEncodings = 0;
			mainGroup = 6F08D1D055A44A3A983BE31D;
			projectDirPath = "/Users/zhuyu/workspace/eduself/obs/obs-plugintemplate";
			projectRoot = "";
			targets = (
				109A48A0C3C533719CF56F11 /* ALL_BUILD */,
				E74CD175BD931080AAB63287 /* ZERO_CHECK */,
				B8D5AB13646FE90706C30490 /* install */,
				C46B5E534C926E50BCF8AE16 /* obs-plugintemplate */,
				798DCDF09F9ECA2F0856AC44 /* plugin-support */,
			);
		};
/* End PBXProject section */

/* Begin PBXShellScriptBuildPhase section */
		3C0110FC8322DE7E50886E21 = {
			isa = PBXShellScriptBuildPhase;
			buildActionMask = 2147483647;
			files = (
			);
			inputPaths = (
			);
			outputPaths = (
			);
			runOnlyForDeploymentPostprocessing = 0;
			shellPath = /bin/sh;
			shellScript = "# shell script goes here
exit 0";
			showEnvVarsInLog = 0;
		};
		7C680CC35462356C033B99FC /* Generate CMakeFiles/ZERO_CHECK */ = {
			isa = PBXShellScriptBuildPhase;
			alwaysOutOfDate = 1;
			buildActionMask = 2147483647;
			files = (
			);
			inputPaths = (
			);
			name = "Generate CMakeFiles/ZERO_CHECK";
			outputPaths = (
"/Users/zhuyu/workspace/eduself/obs/obs-plugintemplate/build_macos/CMakeFiles/ZERO_CHECK"			);
			runOnlyForDeploymentPostprocessing = 0;
			shellPath = /bin/sh;
			shellScript = "set -e
if test \"$CONFIGURATION\" = \"Debug\"; then :
  cd /Users/zhuyu/workspace/eduself/obs/obs-plugintemplate/build_macos
  make -f /Users/zhuyu/workspace/eduself/obs/obs-plugintemplate/build_macos/CMakeScripts/ReRunCMake.make
fi
if test \"$CONFIGURATION\" = \"Release\"; then :
  cd /Users/zhuyu/workspace/eduself/obs/obs-plugintemplate/build_macos
  make -f /Users/zhuyu/workspace/eduself/obs/obs-plugintemplate/build_macos/CMakeScripts/ReRunCMake.make
fi
if test \"$CONFIGURATION\" = \"MinSizeRel\"; then :
  cd /Users/zhuyu/workspace/eduself/obs/obs-plugintemplate/build_macos
  make -f /Users/zhuyu/workspace/eduself/obs/obs-plugintemplate/build_macos/CMakeScripts/ReRunCMake.make
fi
if test \"$CONFIGURATION\" = \"RelWithDebInfo\"; then :
  cd /Users/zhuyu/workspace/eduself/obs/obs-plugintemplate/build_macos
  make -f /Users/zhuyu/workspace/eduself/obs/obs-plugintemplate/build_macos/CMakeScripts/ReRunCMake.make
fi
";
			showEnvVarsInLog = 0;
		};
		87AF4882E018677E2624B544 = {
			isa = PBXShellScriptBuildPhase;
			buildActionMask = 2147483647;
			files = (
			);
			inputPaths = (
			);
			outputPaths = (
			);
			runOnlyForDeploymentPostprocessing = 0;
			shellPath = /bin/sh;
			shellScript = "# shell script goes here
exit 0";
			showEnvVarsInLog = 0;
		};
		93426DA6A4AC2C2AC9CE883C /* CMake PostBuild Rules */ = {
			isa = PBXShellScriptBuildPhase;
			alwaysOutOfDate = 1;
			buildActionMask = 2147483647;
			files = (
			);
			name = "CMake PostBuild Rules";
			outputPaths = (
			);
			runOnlyForDeploymentPostprocessing = 0;
			shellPath = /bin/sh;
			shellScript = "set -e
if test \"$CONFIGURATION\" = \"Debug\"; then :
  cd /Users/zhuyu/workspace/eduself/obs/obs-plugintemplate/build_macos
  /opt/homebrew/bin/cmake -DBUILD_TYPE=$CONFIGURATION$EFFECTIVE_PLATFORM_NAME -P cmake_install.cmake
fi
if test \"$CONFIGURATION\" = \"Release\"; then :
  cd /Users/zhuyu/workspace/eduself/obs/obs-plugintemplate/build_macos
  /opt/homebrew/bin/cmake -DBUILD_TYPE=$CONFIGURATION$EFFECTIVE_PLATFORM_NAME -P cmake_install.cmake
fi
if test \"$CONFIGURATION\" = \"MinSizeRel\"; then :
  cd /Users/zhuyu/workspace/eduself/obs/obs-plugintemplate/build_macos
  /opt/homebrew/bin/cmake -DBUILD_TYPE=$CONFIGURATION$EFFECTIVE_PLATFORM_NAME -P cmake_install.cmake
fi
if test \"$CONFIGURATION\" = \"RelWithDebInfo\"; then :
  cd /Users/zhuyu/workspace/eduself/obs/obs-plugintemplate/build_macos
  /opt/homebrew/bin/cmake -DBUILD_TYPE=$CONFIGURATION$EFFECTIVE_PLATFORM_NAME -P cmake_install.cmake
fi
";
			showEnvVarsInLog = 0;
		};
		9B50530E35CC49C82C2FACCF = {
			isa = PBXShellScriptBuildPhase;
			buildActionMask = 2147483647;
			files = (
			);
			inputPaths = (
			);
			outputPaths = (
			);
			runOnlyForDeploymentPostprocessing = 0;
			shellPath = /bin/sh;
			shellScript = "# shell script goes here
exit 0";
			showEnvVarsInLog = 0;
		};
		E9003F91FFEAE786532F6FE2 /* Generate CMakeFiles/ALL_BUILD */ = {
			isa = PBXShellScriptBuildPhase;
			alwaysOutOfDate = 1;
			buildActionMask = 2147483647;
			files = (
			);
			inputPaths = (
			);
			name = "Generate CMakeFiles/ALL_BUILD";
			outputPaths = (
"/Users/zhuyu/workspace/eduself/obs/obs-plugintemplate/build_macos/CMakeFiles/ALL_BUILD"			);
			runOnlyForDeploymentPostprocessing = 0;
			shellPath = /bin/sh;
			shellScript = "set -e
if test \"$CONFIGURATION\" = \"Debug\"; then :
  cd /Users/zhuyu/workspace/eduself/obs/obs-plugintemplate/build_macos
  echo Build\\ all\\ projects
fi
if test \"$CONFIGURATION\" = \"Release\"; then :
  cd /Users/zhuyu/workspace/eduself/obs/obs-plugintemplate/build_macos
  echo Build\\ all\\ projects
fi
if test \"$CONFIGURATION\" = \"MinSizeRel\"; then :
  cd /Users/zhuyu/workspace/eduself/obs/obs-plugintemplate/build_macos
  echo Build\\ all\\ projects
fi
if test \"$CONFIGURATION\" = \"RelWithDebInfo\"; then :
  cd /Users/zhuyu/workspace/eduself/obs/obs-plugintemplate/build_macos
  echo Build\\ all\\ projects
fi
";
			showEnvVarsInLog = 0;
		};
/* End PBXShellScriptBuildPhase section */

/* Begin PBXSourcesBuildPhase section */
		B008F265D31D4D91B12E49B1 /* Sources */ = {
			isa = PBXSourcesBuildPhase;
			buildActionMask = 2147483647;
			files = (
				B6EB52FFE30148FFB64F68D7 /* /Users/zhuyu/workspace/eduself/obs/obs-plugintemplate/src/plugin-main.c */,
			);
			runOnlyForDeploymentPostprocessing = 0;
		};
		C7F8AA1E5E9E419B91114AA6 /* Sources */ = {
			isa = PBXSourcesBuildPhase;
			buildActionMask = 2147483647;
			files = (
				1C8A1C2BE55242F69A390471 /* /Users/zhuyu/workspace/eduself/obs/obs-plugintemplate/build_macos/plugin-support.c */,
			);
			runOnlyForDeploymentPostprocessing = 0;
		};
/* End PBXSourcesBuildPhase section */

/* Begin PBXCopyFilesBuildPhase section */
		FB26545CDAE541EEAFF13C60 /* Copy files */ = {
			isa = PBXCopyFilesBuildPhase;
			buildActionMask = 2147483647;
			dstPath = locale;
			dstSubfolderSpec = 7;
			files = (
				79499DCFA75D467BB679C939 /* /Users/zhuyu/workspace/eduself/obs/obs-plugintemplate/data/locale/en-US.ini */,
			);
			runOnlyForDeploymentPostprocessing = 0;
		};
/* End PBXCopyFilesBuildPhase section */

/* Begin PBXTargetDependency section */
		006FF5EFD9724A87A5060ED9 /* PBXTargetDependency */ = {
			isa = PBXTargetDependency;
			target = 798DCDF09F9ECA2F0856AC44 /* plugin-support */;
			targetProxy = 73F5FBCC3C754A279D86076C /* PBXContainerItemProxy */;
		};
		19DCB9E335AC4466828BA74F /* PBXTargetDependency */ = {
			isa = PBXTargetDependency;
			target = E74CD175BD931080AAB63287 /* ZERO_CHECK */;
			targetProxy = BAF74E1B59064833949A1238 /* PBXContainerItemProxy */;
		};
		29639967F4974D44A6FDD46B /* PBXTargetDependency */ = {
			isa = PBXTargetDependency;
			target = C46B5E534C926E50BCF8AE16 /* obs-plugintemplate */;
			targetProxy = DF0C40C0DB7044B597617375 /* PBXContainerItemProxy */;
		};
		326A18C54A414774BE2E564D /* PBXTargetDependency */ = {
			isa = PBXTargetDependency;
			target = E74CD175BD931080AAB63287 /* ZERO_CHECK */;
			targetProxy = AE6041B85C7F425E81FEE05E /* PBXContainerItemProxy */;
		};
		39E556B81C96485F95C65D65 /* PBXTargetDependency */ = {
			isa = PBXTargetDependency;
			target = 798DCDF09F9ECA2F0856AC44 /* plugin-support */;
			targetProxy = 7873DEBAA51345C5B0697C88 /* PBXContainerItemProxy */;
		};
		4C36CFB9A3C54902A5B18241 /* PBXTargetDependency */ = {
			isa = PBXTargetDependency;
			target = 109A48A0C3C533719CF56F11 /* ALL_BUILD */;
			targetProxy = 66D8FCC31BD64CCF830F6A1C /* PBXContainerItemProxy */;
		};
		BAE10295275645BFB2B3F4BC /* PBXTargetDependency */ = {
			isa = PBXTargetDependency;
			target = E74CD175BD931080AAB63287 /* ZERO_CHECK */;
			targetProxy = A487D266E68B4728BE154358 /* PBXContainerItemProxy */;
		};
/* End PBXTargetDependency section */

/* Begin XCBuildConfiguration section */
		06AE3DF368AC4C4B959274C5 /* MinSizeRel */ = {
			isa = XCBuildConfiguration;
			buildSettings = {
				ALWAYS_SEARCH_USER_PATHS = NO;
				ARCHS = arm64;
				COMBINE_HIDPI_IMAGES = YES;
				GCC_GENERATE_DEBUGGING_SYMBOLS = YES;
				GCC_INLINES_ARE_PRIVATE_EXTERN = NO;
				GCC_OPTIMIZATION_LEVEL = 0;
				GCC_PREPROCESSOR_DEFINITIONS = ("'CMAKE_INTDIR=\"$(CONFIGURATION)$(EFFECTIVE_PLATFORM_NAME)\"'","$(inherited)");
				GCC_SYMBOLS_PRIVATE_EXTERN = NO;
				INSTALL_PATH = "";
				ONLY_ACTIVE_ARCH = NO;
				OTHER_LDFLAGS = ("","$(inherited)");
				OTHER_REZFLAGS = "";
				PRODUCT_NAME = ALL_BUILD;
				SECTORDER_FLAGS = "";
				USE_HEADERMAP = NO;
				WARNING_CFLAGS = ("$(inherited)");
			};
			name = MinSizeRel;
		};
		105ED7131B034A52B825D01A /* RelWithDebInfo */ = {
			isa = XCBuildConfiguration;
			buildSettings = {
				ALWAYS_SEARCH_USER_PATHS = NO;
				ARCHS = "$(ARCHS_STANDARD)";
				COMBINE_HIDPI_IMAGES = YES;
				CONFIGURATION_BUILD_DIR = "/Users/zhuyu/workspace/eduself/obs/obs-plugintemplate/build_macos/RelWithDebInfo";
				CURRENT_PROJECT_VERSION = 11;
				EXECUTABLE_PREFIX = "";
				EXECUTABLE_SUFFIX = "";
				FRAMEWORK_SEARCH_PATHS = ("/Users/zhuyu/workspace/eduself/obs/obs-plugintemplate/.deps/Frameworks","$(inherited)");
				GCC_GENERATE_DEBUGGING_SYMBOLS = YES;
				GCC_INLINES_ARE_PRIVATE_EXTERN = NO;
				GCC_OPTIMIZATION_LEVEL = 2;
				GCC_PREPROCESSOR_DEFINITIONS = ("'CMAKE_INTDIR=\"$(CONFIGURATION)$(EFFECTIVE_PLATFORM_NAME)\"'",obs_plugintemplate_EXPORTS,SIMDE_ENABLE_OPENMP,HAVE_OBSCONFIG_H,"$(inherited)");
				GCC_SYMBOLS_PRIVATE_EXTERN = NO;
				GENERATE_INFOPLIST_FILE = YES;
				HEADER_SEARCH_PATHS = ("/Users/zhuyu/workspace/eduself/obs/obs-plugintemplate/build_macos","/Users/zhuyu/workspace/eduself/obs/obs-plugintemplate","/Users/zhuyu/workspace/eduself/obs/obs-plugintemplate/src","$(inherited)");
				INFOPLIST_FILE = "";
				INFOPLIST_KEY_CFBundleDisplayName = "obs-plugintemplate";
				INFOPLIST_KEY_NSHumanReadableCopyright = "(c) 2024 Your Name Here";
				INSTALL_PATH = "$(USER_LIBRARY_DIR)/Application Support/obs-studio/plugins";
				LIBRARY_SEARCH_PATHS = ("/Users/zhuyu/workspace/eduself/obs/obs-plugintemplate/.deps/lib","/Users/zhuyu/workspace/eduself/obs/obs-plugintemplate/build_macos/$(CONFIGURATION)$(EFFECTIVE_PLATFORM_NAME)","$(inherited)");
				LIBRARY_STYLE = BUNDLE;
				MARKETING_VERSION = 1.0.0;
				ONLY_ACTIVE_ARCH = NO;
				OTHER_CFLAGS = ("       -DNDEBUG '-std=c17' -fPIC -fvisibility=hidden -fopenmp-simd -Wno-strict-prototypes -Wno-shorten-64-to-32 -Werror ","$(inherited)");
				OTHER_LDFLAGS = ("-L/opt/homebrew/opt/libomp/lib -L/opt/homebrew/opt/mysql-client/lib -bundle -Wl,-headerpad_max_install_names","$(inherited)");
				OTHER_REZFLAGS = "";
				PRODUCT_BUNDLE_IDENTIFIER = "com.example.obs-plugintemplate";
				PRODUCT_NAME = "obs-plugintemplate";
				SECTORDER_FLAGS = "";
				SYSTEM_FRAMEWORK_SEARCH_PATHS = ("/Users/zhuyu/workspace/eduself/obs/obs-plugintemplate/.deps/Frameworks","$(inherited)");
				SYSTEM_HEADER_SEARCH_PATHS = ("/Users/zhuyu/workspace/eduself/obs/obs-plugintemplate/.deps/Frameworks/libobs.framework/Headers","/Users/zhuyu/workspace/eduself/obs/obs-plugintemplate/.deps/include/obs","$(inherited)");
				TARGET_TEMP_DIR = "/Users/zhuyu/workspace/eduself/obs/obs-plugintemplate/build_macos/build/obs-plugintemplate.build/$(CONFIGURATION)$(EFFECTIVE_PLATFORM_NAME)";
				USE_HEADERMAP = NO;
				WARNING_CFLAGS = ("$(inherited)");
				WRAPPER_EXTENSION = plugin;
			};
			name = RelWithDebInfo;
		};
		11A97A21E2F64B10AC632AAF /* RelWithDebInfo */ = {
			isa = XCBuildConfiguration;
			buildSettings = {
				ARCHS = "$(ARCHS_STANDARD)";
				CC = "/Users/zhuyu/workspace/eduself/obs/obs-plugintemplate/build_macos/ccache-launcher-c";
				CLANG_ENABLE_MODULES = YES;
				CLANG_ENABLE_OBJC_ARC = YES;
				CLANG_ENABLE_OBJC_WEAK = YES;
				CLANG_MODULES_AUTOLINK = YES;
				CLANG_WARN_BLOCK_CAPTURE_AUTORELEASING = YES_ERROR;
				CLANG_WARN_BOOL_CONVERSION = YES;
				CLANG_WARN_COMMA = YES;
				CLANG_WARN_CONSTANT_CONVERSION = YES;
				CLANG_WARN_DEPRECATED_OBJC_IMPLEMENTATIONS = YES;
				CLANG_WARN_EMPTY_BODY = YES;
				CLANG_WARN_ENUM_CONVERSION = YES;
				CLANG_WARN_INFINITE_RECURSION = YES;
				CLANG_WARN_INT_CONVERSION = YES;
				CLANG_WARN_NON_LITERAL_NULL_CONVERSION = YES;
				CLANG_WARN_OBJC_IMPLICIT_RETAIN_SELF = YES;
				CLANG_WARN_OBJC_LITERAL_CONVERSION = YES;
				CLANG_WARN_OBJC_REPEATED_USE_OF_WEAK = YES;
				CLANG_WARN_QUOTED_INCLUDE_IN_FRAMEWORK_HEADER = YES;
				CLANG_WARN_RANGE_LOOP_ANALYSIS = YES;
				CLANG_WARN_STRICT_PROTOTYPES = NO;
				CLANG_WARN_SUSPICIOUS_IMPLICIT_CONVERSION = NO;
				CLANG_WARN_SUSPICIOUS_MOVE = YES;
				CLANG_WARN_UNREACHABLE_CODE = YES;
				CLANG_WARN__DUPLICATE_METHOD_MATCH = YES;
				CODE_SIGN_IDENTITY = "-";
				CODE_SIGN_INJECT_BASE_ENTITLEMENTS = NO;
				CODE_SIGN_STYLE = Manual;
				CURRENT_PROJECT_VERSION = 11;
				CXX = "/Users/zhuyu/workspace/eduself/obs/obs-plugintemplate/build_macos/ccache-launcher-cxx";
				DEAD_CODE_STRIPPING = YES;
				DEBUG_INFORMATION_FORMAT = dwarf;
				DYLIB_COMPATIBILITY_VERSION = 1.0.0;
				ENABLE_HARDENED_RUNTIME = YES;
				ENABLE_STRICT_OBJC_MSGSEND = YES;
				GCC_INLINES_ARE_PRIVATE_EXTERN = YES;
				GCC_NO_COMMON_BLOCKS = YES;
				GCC_STRICT_ALIASING = NO;
				GCC_SYMBOLS_PRIVATE_EXTERN = YES;
				GCC_TREAT_WARNINGS_AS_ERRORS = YES;
				GCC_WARN_64_TO_32_BIT_CONVERSION = YES;
				GCC_WARN_ABOUT_MISSING_FIELD_INITIALIZERS = NO;
				GCC_WARN_ABOUT_MISSING_NEWLINE = YES;
				GCC_WARN_ABOUT_RETURN_TYPE = YES_ERROR;
				GCC_WARN_CHECK_SWITCH_STATEMENTS = YES;
				GCC_WARN_FOUR_CHARACTER_CONSTANTS = YES;
				GCC_WARN_SHADOW = NO;
				GCC_WARN_SIGN_COMPARE = YES;
				GCC_WARN_TYPECHECK_CALLS_TO_PRINTF = YES;
				GCC_WARN_UNDECLARED_SELECTOR = YES;
				GCC_WARN_UNINITIALIZED_AUTOS = YES;
				GCC_WARN_UNUSED_FUNCTION = NO;
				GCC_WARN_UNUSED_PARAMETER = YES;
				GCC_WARN_UNUSED_VALUE = YES;
				GCC_WARN_UNUSED_VARIABLE = YES;
				LD = /Applications/Xcode.app/Contents/Developer/Toolchains/XcodeDefault.xctoolchain/usr/bin/clang;
				LDPLUSPLUS = "/Applications/Xcode.app/Contents/Developer/Toolchains/XcodeDefault.xctoolchain/usr/bin/clang++";
				LD_RUNPATH_SEARCH_PATHS = "@executable_path/../Frameworks";
				MACOSX_DEPLOYMENT_TARGET = 11.0;
				MARKETING_VERSION = 1.0.0;
				OTHER_CODE_SIGN_FLAGS = "--timestamp";
				SDKROOT = /Applications/Xcode.app/Contents/Developer/Platforms/MacOSX.platform/Developer/SDKs/MacOSX15.2.sdk;
				SWIFT_COMPILATION_MODE = wholemodule;
				SWIFT_VERSION = 5.0;
				SYMROOT = "/Users/zhuyu/workspace/eduself/obs/obs-plugintemplate/build_macos/build";
				WARNING_CFLAGS = "-Wvla -Wformat-security";
			};
			name = RelWithDebInfo;
		};
		1474B51C88624BC4AED8FA41 /* RelWithDebInfo */ = {
			isa = XCBuildConfiguration;
			buildSettings = {
				ALWAYS_SEARCH_USER_PATHS = NO;
				ARCHS = "$(ARCHS_STANDARD)";
				COMBINE_HIDPI_IMAGES = YES;
				CONFIGURATION_BUILD_DIR = "/Users/zhuyu/workspace/eduself/obs/obs-plugintemplate/build_macos/RelWithDebInfo";
				EXECUTABLE_PREFIX = lib;
				EXECUTABLE_SUFFIX = .a;
				GCC_GENERATE_DEBUGGING_SYMBOLS = YES;
				GCC_INLINES_ARE_PRIVATE_EXTERN = NO;
				GCC_OPTIMIZATION_LEVEL = 2;
				GCC_PREPROCESSOR_DEFINITIONS = ("'CMAKE_INTDIR=\"$(CONFIGURATION)$(EFFECTIVE_PLATFORM_NAME)\"'",SIMDE_ENABLE_OPENMP,"$(inherited)");
				GCC_SYMBOLS_PRIVATE_EXTERN = NO;
				HEADER_SEARCH_PATHS = ("/Users/zhuyu/workspace/eduself/obs/obs-plugintemplate/build_macos","/Users/zhuyu/workspace/eduself/obs/obs-plugintemplate","/Users/zhuyu/workspace/eduself/obs/obs-plugintemplate/src","$(inherited)");
				INSTALL_PATH = "";
				LIBRARY_STYLE = STATIC;
				ONLY_ACTIVE_ARCH = NO;
				OTHER_CFLAGS = ("       -DNDEBUG '-std=c17' -fvisibility=hidden -fopenmp-simd -Werror ","$(inherited)");
				OTHER_LIBTOOLFLAGS = ("");
				OTHER_REZFLAGS = "";
				PRODUCT_NAME = "plugin-support";
				SECTORDER_FLAGS = "";
				TARGET_TEMP_DIR = "/Users/zhuyu/workspace/eduself/obs/obs-plugintemplate/build_macos/build/plugin-support.build/$(CONFIGURATION)$(EFFECTIVE_PLATFORM_NAME)";
				USE_HEADERMAP = NO;
				WARNING_CFLAGS = ("$(inherited)");
			};
			name = RelWithDebInfo;
		};
		183A9385BA9D4607BC2CC345 /* RelWithDebInfo */ = {
			isa = XCBuildConfiguration;
			buildSettings = {
				ALWAYS_SEARCH_USER_PATHS = NO;
				ARCHS = arm64;
				COMBINE_HIDPI_IMAGES = YES;
				GCC_GENERATE_DEBUGGING_SYMBOLS = YES;
				GCC_INLINES_ARE_PRIVATE_EXTERN = NO;
				GCC_OPTIMIZATION_LEVEL = 0;
				GCC_PREPROCESSOR_DEFINITIONS = ("'CMAKE_INTDIR=\"$(CONFIGURATION)$(EFFECTIVE_PLATFORM_NAME)\"'","$(inherited)");
				GCC_SYMBOLS_PRIVATE_EXTERN = NO;
				INSTALL_PATH = "";
				ONLY_ACTIVE_ARCH = NO;
				OTHER_LDFLAGS = ("","$(inherited)");
				OTHER_REZFLAGS = "";
				PRODUCT_NAME = install;
				SECTORDER_FLAGS = "";
				USE_HEADERMAP = NO;
				WARNING_CFLAGS = ("$(inherited)");
			};
			name = RelWithDebInfo;
		};
		495D75582E88436ABDF38937 /* MinSizeRel */ = {
			isa = XCBuildConfiguration;
			buildSettings = {
				ALWAYS_SEARCH_USER_PATHS = NO;
				ARCHS = "$(ARCHS_STANDARD)";
				COMBINE_HIDPI_IMAGES = YES;
				CONFIGURATION_BUILD_DIR = "/Users/zhuyu/workspace/eduself/obs/obs-plugintemplate/build_macos/MinSizeRel";
				EXECUTABLE_PREFIX = lib;
				EXECUTABLE_SUFFIX = .a;
				GCC_GENERATE_DEBUGGING_SYMBOLS = NO;
				GCC_INLINES_ARE_PRIVATE_EXTERN = NO;
				GCC_OPTIMIZATION_LEVEL = s;
				GCC_PREPROCESSOR_DEFINITIONS = ("'CMAKE_INTDIR=\"$(CONFIGURATION)$(EFFECTIVE_PLATFORM_NAME)\"'",SIMDE_ENABLE_OPENMP,"$(inherited)");
				GCC_SYMBOLS_PRIVATE_EXTERN = NO;
				HEADER_SEARCH_PATHS = ("/Users/zhuyu/workspace/eduself/obs/obs-plugintemplate/build_macos","/Users/zhuyu/workspace/eduself/obs/obs-plugintemplate","/Users/zhuyu/workspace/eduself/obs/obs-plugintemplate/src","$(inherited)");
				INSTALL_PATH = "";
				LIBRARY_STYLE = STATIC;
				ONLY_ACTIVE_ARCH = NO;
				OTHER_CFLAGS = ("    -DNDEBUG '-std=c17' -fvisibility=hidden -fopenmp-simd -Werror ","$(inherited)");
				OTHER_LIBTOOLFLAGS = ("");
				OTHER_REZFLAGS = "";
				PRODUCT_NAME = "plugin-support";
				SECTORDER_FLAGS = "";
				TARGET_TEMP_DIR = "/Users/zhuyu/workspace/eduself/obs/obs-plugintemplate/build_macos/build/plugin-support.build/$(CONFIGURATION)$(EFFECTIVE_PLATFORM_NAME)";
				USE_HEADERMAP = NO;
				WARNING_CFLAGS = ("$(inherited)");
			};
			name = MinSizeRel;
		};
		4DA01C4FE0E54038A4BFC4AA /* Debug */ = {
			isa = XCBuildConfiguration;
			buildSettings = {
				ALWAYS_SEARCH_USER_PATHS = NO;
				ARCHS = "$(ARCHS_STANDARD)";
				COMBINE_HIDPI_IMAGES = YES;
				CONFIGURATION_BUILD_DIR = "/Users/zhuyu/workspace/eduself/obs/obs-plugintemplate/build_macos/Debug";
				CURRENT_PROJECT_VERSION = 11;
				EXECUTABLE_PREFIX = "";
				EXECUTABLE_SUFFIX = "";
				FRAMEWORK_SEARCH_PATHS = ("/Users/zhuyu/workspace/eduself/obs/obs-plugintemplate/.deps/Frameworks","$(inherited)");
				GCC_GENERATE_DEBUGGING_SYMBOLS = YES;
				GCC_INLINES_ARE_PRIVATE_EXTERN = NO;
				GCC_OPTIMIZATION_LEVEL = 0;
				GCC_PREPROCESSOR_DEFINITIONS = ("'CMAKE_INTDIR=\"$(CONFIGURATION)$(EFFECTIVE_PLATFORM_NAME)\"'",obs_plugintemplate_EXPORTS,DEBUG,_DEBUG,SIMDE_ENABLE_OPENMP,HAVE_OBSCONFIG_H,"$(inherited)");
				GCC_SYMBOLS_PRIVATE_EXTERN = NO;
				GENERATE_INFOPLIST_FILE = YES;
				HEADER_SEARCH_PATHS = ("/Users/zhuyu/workspace/eduself/obs/obs-plugintemplate/build_macos","/Users/zhuyu/workspace/eduself/obs/obs-plugintemplate","/Users/zhuyu/workspace/eduself/obs/obs-plugintemplate/src","$(inherited)");
				INFOPLIST_FILE = "";
				INFOPLIST_KEY_CFBundleDisplayName = "obs-plugintemplate";
				INFOPLIST_KEY_NSHumanReadableCopyright = "(c) 2024 Your Name Here";
				INSTALL_PATH = "$(USER_LIBRARY_DIR)/Application Support/obs-studio/plugins";
				LIBRARY_SEARCH_PATHS = ("/Users/zhuyu/workspace/eduself/obs/obs-plugintemplate/.deps/lib","/Users/zhuyu/workspace/eduself/obs/obs-plugintemplate/build_macos/$(CONFIGURATION)$(EFFECTIVE_PLATFORM_NAME)","$(inherited)");
				LIBRARY_STYLE = BUNDLE;
				MARKETING_VERSION = 1.0.0;
				ONLY_ACTIVE_ARCH = NO;
				OTHER_CFLAGS = ("   '-std=c17' -fPIC -fvisibility=hidden -fopenmp-simd -Wno-strict-prototypes -Wno-shorten-64-to-32 -Werror ","$(inherited)");
				OTHER_LDFLAGS = ("-L/opt/homebrew/opt/libomp/lib -L/opt/homebrew/opt/mysql-client/lib -bundle -Wl,-headerpad_max_install_names","$(inherited)");
				OTHER_REZFLAGS = "";
				PRODUCT_BUNDLE_IDENTIFIER = "com.example.obs-plugintemplate";
				PRODUCT_NAME = "obs-plugintemplate";
				SECTORDER_FLAGS = "";
				SYSTEM_FRAMEWORK_SEARCH_PATHS = ("/Users/zhuyu/workspace/eduself/obs/obs-plugintemplate/.deps/Frameworks","$(inherited)");
				SYSTEM_HEADER_SEARCH_PATHS = ("/Users/zhuyu/workspace/eduself/obs/obs-plugintemplate/.deps/Frameworks/libobs.framework/Headers","/Users/zhuyu/workspace/eduself/obs/obs-plugintemplate/.deps/include/obs","$(inherited)");
				TARGET_TEMP_DIR = "/Users/zhuyu/workspace/eduself/obs/obs-plugintemplate/build_macos/build/obs-plugintemplate.build/$(CONFIGURATION)$(EFFECTIVE_PLATFORM_NAME)";
				USE_HEADERMAP = NO;
				WARNING_CFLAGS = ("$(inherited)");
				WRAPPER_EXTENSION = plugin;
			};
			name = Debug;
		};
		51476DDD62A14A9EB5C38A81 /* Release */ = {
			isa = XCBuildConfiguration;
			buildSettings = {
				ALWAYS_SEARCH_USER_PATHS = NO;
				ARCHS = arm64;
				COMBINE_HIDPI_IMAGES = YES;
				GCC_GENERATE_DEBUGGING_SYMBOLS = YES;
				GCC_INLINES_ARE_PRIVATE_EXTERN = NO;
				GCC_OPTIMIZATION_LEVEL = 0;
				GCC_PREPROCESSOR_DEFINITIONS = ("'CMAKE_INTDIR=\"$(CONFIGURATION)$(EFFECTIVE_PLATFORM_NAME)\"'","$(inherited)");
				GCC_SYMBOLS_PRIVATE_EXTERN = NO;
				INSTALL_PATH = "";
				ONLY_ACTIVE_ARCH = NO;
				OTHER_LDFLAGS = ("","$(inherited)");
				OTHER_REZFLAGS = "";
				PRODUCT_NAME = ZERO_CHECK;
				SECTORDER_FLAGS = "";
				USE_HEADERMAP = NO;
				WARNING_CFLAGS = ("$(inherited)");
			};
			name = Release;
		};
		63FAA1AD9E5F4E07A8B80BED /* MinSizeRel */ = {
			isa = XCBuildConfiguration;
			buildSettings = {
				ALWAYS_SEARCH_USER_PATHS = NO;
				ARCHS = "$(ARCHS_STANDARD)";
				COMBINE_HIDPI_IMAGES = YES;
				CONFIGURATION_BUILD_DIR = "/Users/zhuyu/workspace/eduself/obs/obs-plugintemplate/build_macos/MinSizeRel";
				CURRENT_PROJECT_VERSION = 11;
				EXECUTABLE_PREFIX = "";
				EXECUTABLE_SUFFIX = "";
				FRAMEWORK_SEARCH_PATHS = ("/Users/zhuyu/workspace/eduself/obs/obs-plugintemplate/.deps/Frameworks","$(inherited)");
				GCC_GENERATE_DEBUGGING_SYMBOLS = NO;
				GCC_INLINES_ARE_PRIVATE_EXTERN = NO;
				GCC_OPTIMIZATION_LEVEL = s;
				GCC_PREPROCESSOR_DEFINITIONS = ("'CMAKE_INTDIR=\"$(CONFIGURATION)$(EFFECTIVE_PLATFORM_NAME)\"'",obs_plugintemplate_EXPORTS,SIMDE_ENABLE_OPENMP,HAVE_OBSCONFIG_H,"$(inherited)");
				GCC_SYMBOLS_PRIVATE_EXTERN = NO;
				GENERATE_INFOPLIST_FILE = YES;
				HEADER_SEARCH_PATHS = ("/Users/zhuyu/workspace/eduself/obs/obs-plugintemplate/build_macos","/Users/zhuyu/workspace/eduself/obs/obs-plugintemplate","/Users/zhuyu/workspace/eduself/obs/obs-plugintemplate/src","$(inherited)");
				INFOPLIST_FILE = "";
				INFOPLIST_KEY_CFBundleDisplayName = "obs-plugintemplate";
				INFOPLIST_KEY_NSHumanReadableCopyright = "(c) 2024 Your Name Here";
				INSTALL_PATH = "$(USER_LIBRARY_DIR)/Application Support/obs-studio/plugins";
				LIBRARY_SEARCH_PATHS = ("/Users/zhuyu/workspace/eduself/obs/obs-plugintemplate/.deps/lib","/Users/zhuyu/workspace/eduself/obs/obs-plugintemplate/build_macos/$(CONFIGURATION)$(EFFECTIVE_PLATFORM_NAME)","$(inherited)");
				LIBRARY_STYLE = BUNDLE;
				MARKETING_VERSION = 1.0.0;
				ONLY_ACTIVE_ARCH = NO;
				OTHER_CFLAGS = ("    -DNDEBUG '-std=c17' -fPIC -fvisibility=hidden -fopenmp-simd -Wno-strict-prototypes -Wno-shorten-64-to-32 -Werror ","$(inherited)");
				OTHER_LDFLAGS = ("-L/opt/homebrew/opt/libomp/lib -L/opt/homebrew/opt/mysql-client/lib -bundle -Wl,-headerpad_max_install_names","$(inherited)");
				OTHER_REZFLAGS = "";
				PRODUCT_BUNDLE_IDENTIFIER = "com.example.obs-plugintemplate";
				PRODUCT_NAME = "obs-plugintemplate";
				SECTORDER_FLAGS = "";
				SYSTEM_FRAMEWORK_SEARCH_PATHS = ("/Users/zhuyu/workspace/eduself/obs/obs-plugintemplate/.deps/Frameworks","$(inherited)");
				SYSTEM_HEADER_SEARCH_PATHS = ("/Users/zhuyu/workspace/eduself/obs/obs-plugintemplate/.deps/Frameworks/libobs.framework/Headers","/Users/zhuyu/workspace/eduself/obs/obs-plugintemplate/.deps/include/obs","$(inherited)");
				TARGET_TEMP_DIR = "/Users/zhuyu/workspace/eduself/obs/obs-plugintemplate/build_macos/build/obs-plugintemplate.build/$(CONFIGURATION)$(EFFECTIVE_PLATFORM_NAME)";
				USE_HEADERMAP = NO;
				WARNING_CFLAGS = ("$(inherited)");
				WRAPPER_EXTENSION = plugin;
			};
			name = MinSizeRel;
		};
		76B4642E748A4B058AB8BDBF /* Release */ = {
			isa = XCBuildConfiguration;
			buildSettings = {
				ALWAYS_SEARCH_USER_PATHS = NO;
				ARCHS = "$(ARCHS_STANDARD)";
				COMBINE_HIDPI_IMAGES = YES;
				CONFIGURATION_BUILD_DIR = "/Users/zhuyu/workspace/eduself/obs/obs-plugintemplate/build_macos/Release";
				CURRENT_PROJECT_VERSION = 11;
				EXECUTABLE_PREFIX = "";
				EXECUTABLE_SUFFIX = "";
				FRAMEWORK_SEARCH_PATHS = ("/Users/zhuyu/workspace/eduself/obs/obs-plugintemplate/.deps/Frameworks","$(inherited)");
				GCC_GENERATE_DEBUGGING_SYMBOLS = YES;
				GCC_INLINES_ARE_PRIVATE_EXTERN = NO;
				GCC_OPTIMIZATION_LEVEL = 3;
				GCC_PREPROCESSOR_DEFINITIONS = ("'CMAKE_INTDIR=\"$(CONFIGURATION)$(EFFECTIVE_PLATFORM_NAME)\"'",obs_plugintemplate_EXPORTS,SIMDE_ENABLE_OPENMP,HAVE_OBSCONFIG_H,"$(inherited)");
				GCC_SYMBOLS_PRIVATE_EXTERN = NO;
				GENERATE_INFOPLIST_FILE = YES;
				HEADER_SEARCH_PATHS = ("/Users/zhuyu/workspace/eduself/obs/obs-plugintemplate/build_macos","/Users/zhuyu/workspace/eduself/obs/obs-plugintemplate","/Users/zhuyu/workspace/eduself/obs/obs-plugintemplate/src","$(inherited)");
				INFOPLIST_FILE = "";
				INFOPLIST_KEY_CFBundleDisplayName = "obs-plugintemplate";
				INFOPLIST_KEY_NSHumanReadableCopyright = "(c) 2024 Your Name Here";
				INSTALL_PATH = "$(USER_LIBRARY_DIR)/Application Support/obs-studio/plugins";
				LIBRARY_SEARCH_PATHS = ("/Users/zhuyu/workspace/eduself/obs/obs-plugintemplate/.deps/lib","/Users/zhuyu/workspace/eduself/obs/obs-plugintemplate/build_macos/$(CONFIGURATION)$(EFFECTIVE_PLATFORM_NAME)","$(inherited)");
				LIBRARY_STYLE = BUNDLE;
				MARKETING_VERSION = 1.0.0;
				ONLY_ACTIVE_ARCH = NO;
				OTHER_CFLAGS = ("    -DNDEBUG    '-std=c17' -fPIC -fvisibility=hidden -fopenmp-simd -Wno-strict-prototypes -Wno-shorten-64-to-32 -Werror ","$(inherited)");
				OTHER_LDFLAGS = ("-L/opt/homebrew/opt/libomp/lib -L/opt/homebrew/opt/mysql-client/lib -bundle -Wl,-headerpad_max_install_names","$(inherited)");
				OTHER_REZFLAGS = "";
				PRODUCT_BUNDLE_IDENTIFIER = "com.example.obs-plugintemplate";
				PRODUCT_NAME = "obs-plugintemplate";
				SECTORDER_FLAGS = "";
				SYSTEM_FRAMEWORK_SEARCH_PATHS = ("/Users/zhuyu/workspace/eduself/obs/obs-plugintemplate/.deps/Frameworks","$(inherited)");
				SYSTEM_HEADER_SEARCH_PATHS = ("/Users/zhuyu/workspace/eduself/obs/obs-plugintemplate/.deps/Frameworks/libobs.framework/Headers","/Users/zhuyu/workspace/eduself/obs/obs-plugintemplate/.deps/include/obs","$(inherited)");
				TARGET_TEMP_DIR = "/Users/zhuyu/workspace/eduself/obs/obs-plugintemplate/build_macos/build/obs-plugintemplate.build/$(CONFIGURATION)$(EFFECTIVE_PLATFORM_NAME)";
				USE_HEADERMAP = NO;
				WARNING_CFLAGS = ("$(inherited)");
				WRAPPER_EXTENSION = plugin;
			};
			name = Release;
		};
		7B21B89585774AA5A55655E1 /* Debug */ = {
			isa = XCBuildConfiguration;
			buildSettings = {
				ALWAYS_SEARCH_USER_PATHS = NO;
				ARCHS = arm64;
				COMBINE_HIDPI_IMAGES = YES;
				GCC_GENERATE_DEBUGGING_SYMBOLS = YES;
				GCC_INLINES_ARE_PRIVATE_EXTERN = NO;
				GCC_OPTIMIZATION_LEVEL = 0;
				GCC_PREPROCESSOR_DEFINITIONS = ("'CMAKE_INTDIR=\"$(CONFIGURATION)$(EFFECTIVE_PLATFORM_NAME)\"'","$(inherited)");
				GCC_SYMBOLS_PRIVATE_EXTERN = NO;
				INSTALL_PATH = "";
				ONLY_ACTIVE_ARCH = NO;
				OTHER_LDFLAGS = ("","$(inherited)");
				OTHER_REZFLAGS = "";
				PRODUCT_NAME = install;
				SECTORDER_FLAGS = "";
				USE_HEADERMAP = NO;
				WARNING_CFLAGS = ("$(inherited)");
			};
			name = Debug;
		};
		803B84A6D5AB4F08AAA5BF75 /* Release */ = {
			isa = XCBuildConfiguration;
			buildSettings = {
				ALWAYS_SEARCH_USER_PATHS = NO;
				ARCHS = "$(ARCHS_STANDARD)";
				COMBINE_HIDPI_IMAGES = YES;
				CONFIGURATION_BUILD_DIR = "/Users/zhuyu/workspace/eduself/obs/obs-plugintemplate/build_macos/Release";
				EXECUTABLE_PREFIX = lib;
				EXECUTABLE_SUFFIX = .a;
				GCC_GENERATE_DEBUGGING_SYMBOLS = YES;
				GCC_INLINES_ARE_PRIVATE_EXTERN = NO;
				GCC_OPTIMIZATION_LEVEL = 3;
				GCC_PREPROCESSOR_DEFINITIONS = ("'CMAKE_INTDIR=\"$(CONFIGURATION)$(EFFECTIVE_PLATFORM_NAME)\"'",SIMDE_ENABLE_OPENMP,"$(inherited)");
				GCC_SYMBOLS_PRIVATE_EXTERN = NO;
				HEADER_SEARCH_PATHS = ("/Users/zhuyu/workspace/eduself/obs/obs-plugintemplate/build_macos","/Users/zhuyu/workspace/eduself/obs/obs-plugintemplate","/Users/zhuyu/workspace/eduself/obs/obs-plugintemplate/src","$(inherited)");
				INSTALL_PATH = "";
				LIBRARY_STYLE = STATIC;
				ONLY_ACTIVE_ARCH = NO;
				OTHER_CFLAGS = ("    -DNDEBUG    '-std=c17' -fvisibility=hidden -fopenmp-simd -Werror ","$(inherited)");
				OTHER_LIBTOOLFLAGS = ("");
				OTHER_REZFLAGS = "";
				PRODUCT_NAME = "plugin-support";
				SECTORDER_FLAGS = "";
				TARGET_TEMP_DIR = "/Users/zhuyu/workspace/eduself/obs/obs-plugintemplate/build_macos/build/plugin-support.build/$(CONFIGURATION)$(EFFECTIVE_PLATFORM_NAME)";
				USE_HEADERMAP = NO;
				WARNING_CFLAGS = ("$(inherited)");
			};
			name = Release;
		};
		91F6BE75E67A4D088A7F3815 /* MinSizeRel */ = {
			isa = XCBuildConfiguration;
			buildSettings = {
				ALWAYS_SEARCH_USER_PATHS = NO;
				ARCHS = arm64;
				COMBINE_HIDPI_IMAGES = YES;
				GCC_GENERATE_DEBUGGING_SYMBOLS = YES;
				GCC_INLINES_ARE_PRIVATE_EXTERN = NO;
				GCC_OPTIMIZATION_LEVEL = 0;
				GCC_PREPROCESSOR_DEFINITIONS = ("'CMAKE_INTDIR=\"$(CONFIGURATION)$(EFFECTIVE_PLATFORM_NAME)\"'","$(inherited)");
				GCC_SYMBOLS_PRIVATE_EXTERN = NO;
				INSTALL_PATH = "";
				ONLY_ACTIVE_ARCH = NO;
				OTHER_LDFLAGS = ("","$(inherited)");
				OTHER_REZFLAGS = "";
				PRODUCT_NAME = install;
				SECTORDER_FLAGS = "";
				USE_HEADERMAP = NO;
				WARNING_CFLAGS = ("$(inherited)");
			};
			name = MinSizeRel;
		};
		9968D8D0BA244751B51B6983 /* RelWithDebInfo */ = {
			isa = XCBuildConfiguration;
			buildSettings = {
				ALWAYS_SEARCH_USER_PATHS = NO;
				ARCHS = arm64;
				COMBINE_HIDPI_IMAGES = YES;
				GCC_GENERATE_DEBUGGING_SYMBOLS = YES;
				GCC_INLINES_ARE_PRIVATE_EXTERN = NO;
				GCC_OPTIMIZATION_LEVEL = 0;
				GCC_PREPROCESSOR_DEFINITIONS = ("'CMAKE_INTDIR=\"$(CONFIGURATION)$(EFFECTIVE_PLATFORM_NAME)\"'","$(inherited)");
				GCC_SYMBOLS_PRIVATE_EXTERN = NO;
				INSTALL_PATH = "";
				ONLY_ACTIVE_ARCH = NO;
				OTHER_LDFLAGS = ("","$(inherited)");
				OTHER_REZFLAGS = "";
				PRODUCT_NAME = ZERO_CHECK;
				SECTORDER_FLAGS = "";
				USE_HEADERMAP = NO;
				WARNING_CFLAGS = ("$(inherited)");
			};
			name = RelWithDebInfo;
		};
		9D7D71B48FEF49759E44DFC5 /* MinSizeRel */ = {
			isa = XCBuildConfiguration;
			buildSettings = {
				ALWAYS_SEARCH_USER_PATHS = NO;
				ARCHS = arm64;
				COMBINE_HIDPI_IMAGES = YES;
				GCC_GENERATE_DEBUGGING_SYMBOLS = YES;
				GCC_INLINES_ARE_PRIVATE_EXTERN = NO;
				GCC_OPTIMIZATION_LEVEL = 0;
				GCC_PREPROCESSOR_DEFINITIONS = ("'CMAKE_INTDIR=\"$(CONFIGURATION)$(EFFECTIVE_PLATFORM_NAME)\"'","$(inherited)");
				GCC_SYMBOLS_PRIVATE_EXTERN = NO;
				INSTALL_PATH = "";
				ONLY_ACTIVE_ARCH = NO;
				OTHER_LDFLAGS = ("","$(inherited)");
				OTHER_REZFLAGS = "";
				PRODUCT_NAME = ZERO_CHECK;
				SECTORDER_FLAGS = "";
				USE_HEADERMAP = NO;
				WARNING_CFLAGS = ("$(inherited)");
			};
			name = MinSizeRel;
		};
		9DDE2A2BE42F4319977ACB90 /* Release */ = {
			isa = XCBuildConfiguration;
			buildSettings = {
				ALWAYS_SEARCH_USER_PATHS = NO;
				ARCHS = arm64;
				COMBINE_HIDPI_IMAGES = YES;
				GCC_GENERATE_DEBUGGING_SYMBOLS = YES;
				GCC_INLINES_ARE_PRIVATE_EXTERN = NO;
				GCC_OPTIMIZATION_LEVEL = 0;
				GCC_PREPROCESSOR_DEFINITIONS = ("'CMAKE_INTDIR=\"$(CONFIGURATION)$(EFFECTIVE_PLATFORM_NAME)\"'","$(inherited)");
				GCC_SYMBOLS_PRIVATE_EXTERN = NO;
				INSTALL_PATH = "";
				ONLY_ACTIVE_ARCH = NO;
				OTHER_LDFLAGS = ("","$(inherited)");
				OTHER_REZFLAGS = "";
				PRODUCT_NAME = install;
				SECTORDER_FLAGS = "";
				USE_HEADERMAP = NO;
				WARNING_CFLAGS = ("$(inherited)");
			};
			name = Release;
		};
		CC98478D817846A3894C4023 /* RelWithDebInfo */ = {
			isa = XCBuildConfiguration;
			buildSettings = {
				ALWAYS_SEARCH_USER_PATHS = NO;
				ARCHS = arm64;
				COMBINE_HIDPI_IMAGES = YES;
				GCC_GENERATE_DEBUGGING_SYMBOLS = YES;
				GCC_INLINES_ARE_PRIVATE_EXTERN = NO;
				GCC_OPTIMIZATION_LEVEL = 0;
				GCC_PREPROCESSOR_DEFINITIONS = ("'CMAKE_INTDIR=\"$(CONFIGURATION)$(EFFECTIVE_PLATFORM_NAME)\"'","$(inherited)");
				GCC_SYMBOLS_PRIVATE_EXTERN = NO;
				INSTALL_PATH = "";
				ONLY_ACTIVE_ARCH = NO;
				OTHER_LDFLAGS = ("","$(inherited)");
				OTHER_REZFLAGS = "";
				PRODUCT_NAME = ALL_BUILD;
				SECTORDER_FLAGS = "";
				USE_HEADERMAP = NO;
				WARNING_CFLAGS = ("$(inherited)");
			};
			name = RelWithDebInfo;
		};
		CDCD51DA96F6496AADCD4200 /* Debug */ = {
			isa = XCBuildConfiguration;
			buildSettings = {
				ALWAYS_SEARCH_USER_PATHS = NO;
				ARCHS = arm64;
				COMBINE_HIDPI_IMAGES = YES;
				GCC_GENERATE_DEBUGGING_SYMBOLS = YES;
				GCC_INLINES_ARE_PRIVATE_EXTERN = NO;
				GCC_OPTIMIZATION_LEVEL = 0;
				GCC_PREPROCESSOR_DEFINITIONS = ("'CMAKE_INTDIR=\"$(CONFIGURATION)$(EFFECTIVE_PLATFORM_NAME)\"'","$(inherited)");
				GCC_SYMBOLS_PRIVATE_EXTERN = NO;
				INSTALL_PATH = "";
				ONLY_ACTIVE_ARCH = NO;
				OTHER_LDFLAGS = ("","$(inherited)");
				OTHER_REZFLAGS = "";
				PRODUCT_NAME = ZERO_CHECK;
				SECTORDER_FLAGS = "";
				USE_HEADERMAP = NO;
				WARNING_CFLAGS = ("$(inherited)");
			};
			name = Debug;
		};
		DBEEAB9D34B14B4CB337C996 /* Release */ = {
			isa = XCBuildConfiguration;
			buildSettings = {
				ARCHS = "$(ARCHS_STANDARD)";
				CC = "/Users/zhuyu/workspace/eduself/obs/obs-plugintemplate/build_macos/ccache-launcher-c";
				CLANG_ENABLE_MODULES = YES;
				CLANG_ENABLE_OBJC_ARC = YES;
				CLANG_ENABLE_OBJC_WEAK = YES;
				CLANG_MODULES_AUTOLINK = YES;
				CLANG_WARN_BLOCK_CAPTURE_AUTORELEASING = YES_ERROR;
				CLANG_WARN_BOOL_CONVERSION = YES;
				CLANG_WARN_COMMA = YES;
				CLANG_WARN_CONSTANT_CONVERSION = YES;
				CLANG_WARN_DEPRECATED_OBJC_IMPLEMENTATIONS = YES;
				CLANG_WARN_EMPTY_BODY = YES;
				CLANG_WARN_ENUM_CONVERSION = YES;
				CLANG_WARN_INFINITE_RECURSION = YES;
				CLANG_WARN_INT_CONVERSION = YES;
				CLANG_WARN_NON_LITERAL_NULL_CONVERSION = YES;
				CLANG_WARN_OBJC_IMPLICIT_RETAIN_SELF = YES;
				CLANG_WARN_OBJC_LITERAL_CONVERSION = YES;
				CLANG_WARN_OBJC_REPEATED_USE_OF_WEAK = YES;
				CLANG_WARN_QUOTED_INCLUDE_IN_FRAMEWORK_HEADER = YES;
				CLANG_WARN_RANGE_LOOP_ANALYSIS = YES;
				CLANG_WARN_STRICT_PROTOTYPES = NO;
				CLANG_WARN_SUSPICIOUS_IMPLICIT_CONVERSION = NO;
				CLANG_WARN_SUSPICIOUS_MOVE = YES;
				CLANG_WARN_UNREACHABLE_CODE = YES;
				CLANG_WARN__DUPLICATE_METHOD_MATCH = YES;
				CODE_SIGN_IDENTITY = "-";
				CODE_SIGN_INJECT_BASE_ENTITLEMENTS = NO;
				CODE_SIGN_STYLE = Manual;
				CURRENT_PROJECT_VERSION = 11;
				CXX = "/Users/zhuyu/workspace/eduself/obs/obs-plugintemplate/build_macos/ccache-launcher-cxx";
				DEAD_CODE_STRIPPING = YES;
				DEBUG_INFORMATION_FORMAT = "dwarf-with-dsym";
				DYLIB_COMPATIBILITY_VERSION = 1.0.0;
				ENABLE_HARDENED_RUNTIME = YES;
				ENABLE_STRICT_OBJC_MSGSEND = YES;
				GCC_INLINES_ARE_PRIVATE_EXTERN = YES;
				GCC_NO_COMMON_BLOCKS = YES;
				GCC_STRICT_ALIASING = NO;
				GCC_SYMBOLS_PRIVATE_EXTERN = YES;
				GCC_TREAT_WARNINGS_AS_ERRORS = YES;
				GCC_WARN_64_TO_32_BIT_CONVERSION = YES;
				GCC_WARN_ABOUT_MISSING_FIELD_INITIALIZERS = NO;
				GCC_WARN_ABOUT_MISSING_NEWLINE = YES;
				GCC_WARN_ABOUT_RETURN_TYPE = YES_ERROR;
				GCC_WARN_CHECK_SWITCH_STATEMENTS = YES;
				GCC_WARN_FOUR_CHARACTER_CONSTANTS = YES;
				GCC_WARN_SHADOW = NO;
				GCC_WARN_SIGN_COMPARE = YES;
				GCC_WARN_TYPECHECK_CALLS_TO_PRINTF = YES;
				GCC_WARN_UNDECLARED_SELECTOR = YES;
				GCC_WARN_UNINITIALIZED_AUTOS = YES;
				GCC_WARN_UNUSED_FUNCTION = NO;
				GCC_WARN_UNUSED_PARAMETER = YES;
				GCC_WARN_UNUSED_VALUE = YES;
				GCC_WARN_UNUSED_VARIABLE = YES;
				LD = /Applications/Xcode.app/Contents/Developer/Toolchains/XcodeDefault.xctoolchain/usr/bin/clang;
				LDPLUSPLUS = "/Applications/Xcode.app/Contents/Developer/Toolchains/XcodeDefault.xctoolchain/usr/bin/clang++";
				LD_RUNPATH_SEARCH_PATHS = "@executable_path/../Frameworks";
				MACOSX_DEPLOYMENT_TARGET = 11.0;
				MARKETING_VERSION = 1.0.0;
				OTHER_CODE_SIGN_FLAGS = "--timestamp";
				SDKROOT = /Applications/Xcode.app/Contents/Developer/Platforms/MacOSX.platform/Developer/SDKs/MacOSX15.2.sdk;
				SWIFT_COMPILATION_MODE = wholemodule;
				SWIFT_VERSION = 5.0;
				SYMROOT = "/Users/zhuyu/workspace/eduself/obs/obs-plugintemplate/build_macos/build";
				WARNING_CFLAGS = "-Wvla -Wformat-security";
			};
			name = Release;
		};
		E25606E9F33B45A598B2CFFF /* Debug */ = {
			isa = XCBuildConfiguration;
			buildSettings = {
				ALWAYS_SEARCH_USER_PATHS = NO;
				ARCHS = "$(ARCHS_STANDARD)";
				COMBINE_HIDPI_IMAGES = YES;
				CONFIGURATION_BUILD_DIR = "/Users/zhuyu/workspace/eduself/obs/obs-plugintemplate/build_macos/Debug";
				EXECUTABLE_PREFIX = lib;
				EXECUTABLE_SUFFIX = .a;
				GCC_GENERATE_DEBUGGING_SYMBOLS = YES;
				GCC_INLINES_ARE_PRIVATE_EXTERN = NO;
				GCC_OPTIMIZATION_LEVEL = 0;
				GCC_PREPROCESSOR_DEFINITIONS = ("'CMAKE_INTDIR=\"$(CONFIGURATION)$(EFFECTIVE_PLATFORM_NAME)\"'",DEBUG,_DEBUG,SIMDE_ENABLE_OPENMP,"$(inherited)");
				GCC_SYMBOLS_PRIVATE_EXTERN = NO;
				HEADER_SEARCH_PATHS = ("/Users/zhuyu/workspace/eduself/obs/obs-plugintemplate/build_macos","/Users/zhuyu/workspace/eduself/obs/obs-plugintemplate","/Users/zhuyu/workspace/eduself/obs/obs-plugintemplate/src","$(inherited)");
				INSTALL_PATH = "";
				LIBRARY_STYLE = STATIC;
				ONLY_ACTIVE_ARCH = NO;
				OTHER_CFLAGS = ("   '-std=c17' -fvisibility=hidden -fopenmp-simd -Werror ","$(inherited)");
				OTHER_LIBTOOLFLAGS = ("");
				OTHER_REZFLAGS = "";
				PRODUCT_NAME = "plugin-support";
				SECTORDER_FLAGS = "";
				TARGET_TEMP_DIR = "/Users/zhuyu/workspace/eduself/obs/obs-plugintemplate/build_macos/build/plugin-support.build/$(CONFIGURATION)$(EFFECTIVE_PLATFORM_NAME)";
				USE_HEADERMAP = NO;
				WARNING_CFLAGS = ("$(inherited)");
			};
			name = Debug;
		};
		E413B34075B845C690BEF55B /* Debug */ = {
			isa = XCBuildConfiguration;
			buildSettings = {
				ALWAYS_SEARCH_USER_PATHS = NO;
				ARCHS = arm64;
				COMBINE_HIDPI_IMAGES = YES;
				GCC_GENERATE_DEBUGGING_SYMBOLS = YES;
				GCC_INLINES_ARE_PRIVATE_EXTERN = NO;
				GCC_OPTIMIZATION_LEVEL = 0;
				GCC_PREPROCESSOR_DEFINITIONS = ("'CMAKE_INTDIR=\"$(CONFIGURATION)$(EFFECTIVE_PLATFORM_NAME)\"'","$(inherited)");
				GCC_SYMBOLS_PRIVATE_EXTERN = NO;
				INSTALL_PATH = "";
				ONLY_ACTIVE_ARCH = NO;
				OTHER_LDFLAGS = ("","$(inherited)");
				OTHER_REZFLAGS = "";
				PRODUCT_NAME = ALL_BUILD;
				SECTORDER_FLAGS = "";
				USE_HEADERMAP = NO;
				WARNING_CFLAGS = ("$(inherited)");
			};
			name = Debug;
		};
		EA064DFC63B7401887443F34 /* MinSizeRel */ = {
			isa = XCBuildConfiguration;
			buildSettings = {
				ARCHS = "$(ARCHS_STANDARD)";
				CC = "/Users/zhuyu/workspace/eduself/obs/obs-plugintemplate/build_macos/ccache-launcher-c";
				CLANG_ENABLE_MODULES = YES;
				CLANG_ENABLE_OBJC_ARC = YES;
				CLANG_ENABLE_OBJC_WEAK = YES;
				CLANG_MODULES_AUTOLINK = YES;
				CLANG_WARN_BLOCK_CAPTURE_AUTORELEASING = YES_ERROR;
				CLANG_WARN_BOOL_CONVERSION = YES;
				CLANG_WARN_COMMA = YES;
				CLANG_WARN_CONSTANT_CONVERSION = YES;
				CLANG_WARN_DEPRECATED_OBJC_IMPLEMENTATIONS = YES;
				CLANG_WARN_EMPTY_BODY = YES;
				CLANG_WARN_ENUM_CONVERSION = YES;
				CLANG_WARN_INFINITE_RECURSION = YES;
				CLANG_WARN_INT_CONVERSION = YES;
				CLANG_WARN_NON_LITERAL_NULL_CONVERSION = YES;
				CLANG_WARN_OBJC_IMPLICIT_RETAIN_SELF = YES;
				CLANG_WARN_OBJC_LITERAL_CONVERSION = YES;
				CLANG_WARN_OBJC_REPEATED_USE_OF_WEAK = YES;
				CLANG_WARN_QUOTED_INCLUDE_IN_FRAMEWORK_HEADER = YES;
				CLANG_WARN_RANGE_LOOP_ANALYSIS = YES;
				CLANG_WARN_STRICT_PROTOTYPES = NO;
				CLANG_WARN_SUSPICIOUS_IMPLICIT_CONVERSION = NO;
				CLANG_WARN_SUSPICIOUS_MOVE = YES;
				CLANG_WARN_UNREACHABLE_CODE = YES;
				CLANG_WARN__DUPLICATE_METHOD_MATCH = YES;
				CODE_SIGN_IDENTITY = "-";
				CODE_SIGN_INJECT_BASE_ENTITLEMENTS = NO;
				CODE_SIGN_STYLE = Manual;
				CURRENT_PROJECT_VERSION = 11;
				CXX = "/Users/zhuyu/workspace/eduself/obs/obs-plugintemplate/build_macos/ccache-launcher-cxx";
				DEAD_CODE_STRIPPING = YES;
				DEBUG_INFORMATION_FORMAT = "dwarf-with-dsym";
				DYLIB_COMPATIBILITY_VERSION = 1.0.0;
				ENABLE_HARDENED_RUNTIME = YES;
				ENABLE_STRICT_OBJC_MSGSEND = YES;
				GCC_INLINES_ARE_PRIVATE_EXTERN = YES;
				GCC_NO_COMMON_BLOCKS = YES;
				GCC_STRICT_ALIASING = NO;
				GCC_SYMBOLS_PRIVATE_EXTERN = YES;
				GCC_TREAT_WARNINGS_AS_ERRORS = YES;
				GCC_WARN_64_TO_32_BIT_CONVERSION = YES;
				GCC_WARN_ABOUT_MISSING_FIELD_INITIALIZERS = NO;
				GCC_WARN_ABOUT_MISSING_NEWLINE = YES;
				GCC_WARN_ABOUT_RETURN_TYPE = YES_ERROR;
				GCC_WARN_CHECK_SWITCH_STATEMENTS = YES;
				GCC_WARN_FOUR_CHARACTER_CONSTANTS = YES;
				GCC_WARN_SHADOW = NO;
				GCC_WARN_SIGN_COMPARE = YES;
				GCC_WARN_TYPECHECK_CALLS_TO_PRINTF = YES;
				GCC_WARN_UNDECLARED_SELECTOR = YES;
				GCC_WARN_UNINITIALIZED_AUTOS = YES;
				GCC_WARN_UNUSED_FUNCTION = NO;
				GCC_WARN_UNUSED_PARAMETER = YES;
				GCC_WARN_UNUSED_VALUE = YES;
				GCC_WARN_UNUSED_VARIABLE = YES;
				LD = /Applications/Xcode.app/Contents/Developer/Toolchains/XcodeDefault.xctoolchain/usr/bin/clang;
				LDPLUSPLUS = "/Applications/Xcode.app/Contents/Developer/Toolchains/XcodeDefault.xctoolchain/usr/bin/clang++";
				LD_RUNPATH_SEARCH_PATHS = "@executable_path/../Frameworks";
				MACOSX_DEPLOYMENT_TARGET = 11.0;
				MARKETING_VERSION = 1.0.0;
				OTHER_CODE_SIGN_FLAGS = "--timestamp";
				SDKROOT = /Applications/Xcode.app/Contents/Developer/Platforms/MacOSX.platform/Developer/SDKs/MacOSX15.2.sdk;
				SWIFT_COMPILATION_MODE = wholemodule;
				SWIFT_VERSION = 5.0;
				SYMROOT = "/Users/zhuyu/workspace/eduself/obs/obs-plugintemplate/build_macos/build";
				WARNING_CFLAGS = "-Wvla -Wformat-security";
			};
			name = MinSizeRel;
		};
		F0AE04C3115D402585E7981D /* Debug */ = {
			isa = XCBuildConfiguration;
			buildSettings = {
				ARCHS = "$(ARCHS_STANDARD)";
				CC = "/Users/zhuyu/workspace/eduself/obs/obs-plugintemplate/build_macos/ccache-launcher-c";
				CLANG_ENABLE_MODULES = YES;
				CLANG_ENABLE_OBJC_ARC = YES;
				CLANG_ENABLE_OBJC_WEAK = YES;
				CLANG_MODULES_AUTOLINK = YES;
				CLANG_WARN_BLOCK_CAPTURE_AUTORELEASING = YES_ERROR;
				CLANG_WARN_BOOL_CONVERSION = YES;
				CLANG_WARN_COMMA = YES;
				CLANG_WARN_CONSTANT_CONVERSION = YES;
				CLANG_WARN_DEPRECATED_OBJC_IMPLEMENTATIONS = YES;
				CLANG_WARN_EMPTY_BODY = YES;
				CLANG_WARN_ENUM_CONVERSION = YES;
				CLANG_WARN_INFINITE_RECURSION = YES;
				CLANG_WARN_INT_CONVERSION = YES;
				CLANG_WARN_NON_LITERAL_NULL_CONVERSION = YES;
				CLANG_WARN_OBJC_IMPLICIT_RETAIN_SELF = YES;
				CLANG_WARN_OBJC_LITERAL_CONVERSION = YES;
				CLANG_WARN_OBJC_REPEATED_USE_OF_WEAK = YES;
				CLANG_WARN_QUOTED_INCLUDE_IN_FRAMEWORK_HEADER = YES;
				CLANG_WARN_RANGE_LOOP_ANALYSIS = YES;
				CLANG_WARN_STRICT_PROTOTYPES = NO;
				CLANG_WARN_SUSPICIOUS_IMPLICIT_CONVERSION = NO;
				CLANG_WARN_SUSPICIOUS_MOVE = YES;
				CLANG_WARN_UNREACHABLE_CODE = YES;
				CLANG_WARN__DUPLICATE_METHOD_MATCH = YES;
				CODE_SIGN_IDENTITY = "-";
				CODE_SIGN_STYLE = Manual;
				CURRENT_PROJECT_VERSION = 11;
				CXX = "/Users/zhuyu/workspace/eduself/obs/obs-plugintemplate/build_macos/ccache-launcher-cxx";
				DEAD_CODE_STRIPPING = YES;
				DEBUG_INFORMATION_FORMAT = dwarf;
				DYLIB_COMPATIBILITY_VERSION = 1.0.0;
				ENABLE_STRICT_OBJC_MSGSEND = YES;
				ENABLE_TESTABILITY = YES;
				GCC_INLINES_ARE_PRIVATE_EXTERN = YES;
				GCC_NO_COMMON_BLOCKS = YES;
				GCC_STRICT_ALIASING = NO;
				GCC_SYMBOLS_PRIVATE_EXTERN = YES;
				GCC_TREAT_WARNINGS_AS_ERRORS = YES;
				GCC_WARN_64_TO_32_BIT_CONVERSION = YES;
				GCC_WARN_ABOUT_MISSING_FIELD_INITIALIZERS = NO;
				GCC_WARN_ABOUT_MISSING_NEWLINE = YES;
				GCC_WARN_ABOUT_RETURN_TYPE = YES_ERROR;
				GCC_WARN_CHECK_SWITCH_STATEMENTS = YES;
				GCC_WARN_FOUR_CHARACTER_CONSTANTS = YES;
				GCC_WARN_SHADOW = NO;
				GCC_WARN_SIGN_COMPARE = YES;
				GCC_WARN_TYPECHECK_CALLS_TO_PRINTF = YES;
				GCC_WARN_UNDECLARED_SELECTOR = YES;
				GCC_WARN_UNINITIALIZED_AUTOS = YES;
				GCC_WARN_UNUSED_FUNCTION = NO;
				GCC_WARN_UNUSED_PARAMETER = YES;
				GCC_WARN_UNUSED_VALUE = YES;
				GCC_WARN_UNUSED_VARIABLE = YES;
				LD = /Applications/Xcode.app/Contents/Developer/Toolchains/XcodeDefault.xctoolchain/usr/bin/clang;
				LDPLUSPLUS = "/Applications/Xcode.app/Contents/Developer/Toolchains/XcodeDefault.xctoolchain/usr/bin/clang++";
				LD_RUNPATH_SEARCH_PATHS = "@executable_path/../Frameworks";
				LINKER_DISPLAYS_MANGLED_NAMES = YES;
				MACOSX_DEPLOYMENT_TARGET = 11.0;
				MARKETING_VERSION = 1.0.0;
				ONLY_ACTIVE_ARCH = YES;
				SDKROOT = /Applications/Xcode.app/Contents/Developer/Platforms/MacOSX.platform/Developer/SDKs/MacOSX15.2.sdk;
				SWIFT_VERSION = 5.0;
				SYMROOT = "/Users/zhuyu/workspace/eduself/obs/obs-plugintemplate/build_macos/build";
				WARNING_CFLAGS = "-Wvla -Wformat-security";
			};
			name = Debug;
		};
		FA1BEA926E7F4BAA942E416B /* Release */ = {
			isa = XCBuildConfiguration;
			buildSettings = {
				ALWAYS_SEARCH_USER_PATHS = NO;
				ARCHS = arm64;
				COMBINE_HIDPI_IMAGES = YES;
				GCC_GENERATE_DEBUGGING_SYMBOLS = YES;
				GCC_INLINES_ARE_PRIVATE_EXTERN = NO;
				GCC_OPTIMIZATION_LEVEL = 0;
				GCC_PREPROCESSOR_DEFINITIONS = ("'CMAKE_INTDIR=\"$(CONFIGURATION)$(EFFECTIVE_PLATFORM_NAME)\"'","$(inherited)");
				GCC_SYMBOLS_PRIVATE_EXTERN = NO;
				INSTALL_PATH = "";
				ONLY_ACTIVE_ARCH = NO;
				OTHER_LDFLAGS = ("","$(inherited)");
				OTHER_REZFLAGS = "";
				PRODUCT_NAME = ALL_BUILD;
				SECTORDER_FLAGS = "";
				USE_HEADERMAP = NO;
				WARNING_CFLAGS = ("$(inherited)");
			};
			name = Release;
		};
/* End XCBuildConfiguration section */

/* Begin XCConfigurationList section */
		0CAF250D080F48948A428846 /* Build configuration list for PBXAggregateTarget "ZERO_CHECK" */ = {
			isa = XCConfigurationList;
			buildConfigurations = (
				CDCD51DA96F6496AADCD4200 /* Debug */,
				51476DDD62A14A9EB5C38A81 /* Release */,
				9D7D71B48FEF49759E44DFC5 /* MinSizeRel */,
				9968D8D0BA244751B51B6983 /* RelWithDebInfo */,
			);
			defaultConfigurationIsVisible = 0;
			defaultConfigurationName = Debug;
		};
		48288699DD05449791F6BE3E /* Build configuration list for PBXAggregateTarget "install" */ = {
			isa = XCConfigurationList;
			buildConfigurations = (
				7B21B89585774AA5A55655E1 /* Debug */,
				9DDE2A2BE42F4319977ACB90 /* Release */,
				91F6BE75E67A4D088A7F3815 /* MinSizeRel */,
				183A9385BA9D4607BC2CC345 /* RelWithDebInfo */,
			);
			defaultConfigurationIsVisible = 0;
			defaultConfigurationName = Debug;
		};
		751351BA3CB846CEA181233E /* Build configuration list for PBXNativeTarget "plugin-support" */ = {
			isa = XCConfigurationList;
			buildConfigurations = (
				E25606E9F33B45A598B2CFFF /* Debug */,
				803B84A6D5AB4F08AAA5BF75 /* Release */,
				495D75582E88436ABDF38937 /* MinSizeRel */,
				1474B51C88624BC4AED8FA41 /* RelWithDebInfo */,
			);
			defaultConfigurationIsVisible = 0;
			defaultConfigurationName = Debug;
		};
		92B2F49151004E8190CA853C /* Build configuration list for PBXAggregateTarget "ALL_BUILD" */ = {
			isa = XCConfigurationList;
			buildConfigurations = (
				E413B34075B845C690BEF55B /* Debug */,
				FA1BEA926E7F4BAA942E416B /* Release */,
				06AE3DF368AC4C4B959274C5 /* MinSizeRel */,
				CC98478D817846A3894C4023 /* RelWithDebInfo */,
			);
			defaultConfigurationIsVisible = 0;
			defaultConfigurationName = Debug;
		};
		C9FF84BF9F394215B73F2F29 /* Build configuration list for PBXNativeTarget "obs-plugintemplate" */ = {
			isa = XCConfigurationList;
			buildConfigurations = (
				4DA01C4FE0E54038A4BFC4AA /* Debug */,
				76B4642E748A4B058AB8BDBF /* Release */,
				63FAA1AD9E5F4E07A8B80BED /* MinSizeRel */,
				105ED7131B034A52B825D01A /* RelWithDebInfo */,
			);
			defaultConfigurationIsVisible = 0;
			defaultConfigurationName = Debug;
		};
		F37457C9A80D453084630AC5 /* Build configuration list for PBXProject "obs-plugintemplate" */ = {
			isa = XCConfigurationList;
			buildConfigurations = (
				F0AE04C3115D402585E7981D /* Debug */,
				DBEEAB9D34B14B4CB337C996 /* Release */,
				EA064DFC63B7401887443F34 /* MinSizeRel */,
				11A97A21E2F64B10AC632AAF /* RelWithDebInfo */,
			);
			defaultConfigurationIsVisible = 0;
			defaultConfigurationName = Debug;
		};
/* End XCConfigurationList section */
	};
	rootObject = 271E53D4A0234069A13D18A7 /* Project object */;
}
